// !$*UTF8*$!
{
	archiveVersion = 1;
	classes = {
	};
	objectVersion = 50;
	objects = {

/* Begin PBXBuildFile section */
		8D569FD4269AD78900D87947 /* AppDelegate.swift in Sources */ = {isa = PBXBuildFile; fileRef = 8D569FD3269AD78900D87947 /* AppDelegate.swift */; };
		8D569FD6269AD78900D87947 /* SceneDelegate.swift in Sources */ = {isa = PBXBuildFile; fileRef = 8D569FD5269AD78900D87947 /* SceneDelegate.swift */; };
		8D569FD8269AD78900D87947 /* ViewController.swift in Sources */ = {isa = PBXBuildFile; fileRef = 8D569FD7269AD78900D87947 /* ViewController.swift */; };
		8D569FDB269AD78900D87947 /* Main.storyboard in Resources */ = {isa = PBXBuildFile; fileRef = 8D569FD9269AD78900D87947 /* Main.storyboard */; };
		8D569FDD269AD78900D87947 /* Assets.xcassets in Resources */ = {isa = PBXBuildFile; fileRef = 8D569FDC269AD78900D87947 /* Assets.xcassets */; };
		8D569FE0269AD78900D87947 /* LaunchScreen.storyboard in Resources */ = {isa = PBXBuildFile; fileRef = 8D569FDE269AD78900D87947 /* LaunchScreen.storyboard */; };
		8D569FEB269AD78A00D87947 /* constraintsTests.swift in Sources */ = {isa = PBXBuildFile; fileRef = 8D569FEA269AD78A00D87947 /* constraintsTests.swift */; };
		8D569FF6269AD78A00D87947 /* constraintsUITests.swift in Sources */ = {isa = PBXBuildFile; fileRef = 8D569FF5269AD78A00D87947 /* constraintsUITests.swift */; };
/* End PBXBuildFile section */

/* Begin PBXContainerItemProxy section */
		8D569FE7269AD78A00D87947 /* PBXContainerItemProxy */ = {
			isa = PBXContainerItemProxy;
			containerPortal = 8D569FC8269AD78900D87947 /* Project object */;
			proxyType = 1;
			remoteGlobalIDString = 8D569FCF269AD78900D87947;
			remoteInfo = constraints;
		};
		8D569FF2269AD78A00D87947 /* PBXContainerItemProxy */ = {
			isa = PBXContainerItemProxy;
			containerPortal = 8D569FC8269AD78900D87947 /* Project object */;
			proxyType = 1;
			remoteGlobalIDString = 8D569FCF269AD78900D87947;
			remoteInfo = constraints;
		};
/* End PBXContainerItemProxy section */

/* Begin PBXFileReference section */
		8D569FD0269AD78900D87947 /* constraints.app */ = {isa = PBXFileReference; explicitFileType = wrapper.application; includeInIndex = 0; path = constraints.app; sourceTree = BUILT_PRODUCTS_DIR; };
		8D569FD3269AD78900D87947 /* AppDelegate.swift */ = {isa = PBXFileReference; lastKnownFileType = sourcecode.swift; path = AppDelegate.swift; sourceTree = "<group>"; };
		8D569FD5269AD78900D87947 /* SceneDelegate.swift */ = {isa = PBXFileReference; lastKnownFileType = sourcecode.swift; path = SceneDelegate.swift; sourceTree = "<group>"; };
		8D569FD7269AD78900D87947 /* ViewController.swift */ = {isa = PBXFileReference; lastKnownFileType = sourcecode.swift; path = ViewController.swift; sourceTree = "<group>"; };
		8D569FDA269AD78900D87947 /* Base */ = {isa = PBXFileReference; lastKnownFileType = file.storyboard; name = Base; path = Base.lproj/Main.storyboard; sourceTree = "<group>"; };
		8D569FDC269AD78900D87947 /* Assets.xcassets */ = {isa = PBXFileReference; lastKnownFileType = folder.assetcatalog; path = Assets.xcassets; sourceTree = "<group>"; };
		8D569FDF269AD78900D87947 /* Base */ = {isa = PBXFileReference; lastKnownFileType = file.storyboard; name = Base; path = Base.lproj/LaunchScreen.storyboard; sourceTree = "<group>"; };
		8D569FE1269AD78900D87947 /* Info.plist */ = {isa = PBXFileReference; lastKnownFileType = text.plist.xml; path = Info.plist; sourceTree = "<group>"; };
		8D569FE6269AD78A00D87947 /* constraintsTests.xctest */ = {isa = PBXFileReference; explicitFileType = wrapper.cfbundle; includeInIndex = 0; path = constraintsTests.xctest; sourceTree = BUILT_PRODUCTS_DIR; };
		8D569FEA269AD78A00D87947 /* constraintsTests.swift */ = {isa = PBXFileReference; lastKnownFileType = sourcecode.swift; path = constraintsTests.swift; sourceTree = "<group>"; };
		8D569FEC269AD78A00D87947 /* Info.plist */ = {isa = PBXFileReference; lastKnownFileType = text.plist.xml; path = Info.plist; sourceTree = "<group>"; };
		8D569FF1269AD78A00D87947 /* constraintsUITests.xctest */ = {isa = PBXFileReference; explicitFileType = wrapper.cfbundle; includeInIndex = 0; path = constraintsUITests.xctest; sourceTree = BUILT_PRODUCTS_DIR; };
		8D569FF5269AD78A00D87947 /* constraintsUITests.swift */ = {isa = PBXFileReference; lastKnownFileType = sourcecode.swift; path = constraintsUITests.swift; sourceTree = "<group>"; };
		8D569FF7269AD78A00D87947 /* Info.plist */ = {isa = PBXFileReference; lastKnownFileType = text.plist.xml; path = Info.plist; sourceTree = "<group>"; };
/* End PBXFileReference section */

/* Begin PBXFrameworksBuildPhase section */
		8D569FCD269AD78900D87947 /* Frameworks */ = {
			isa = PBXFrameworksBuildPhase;
			buildActionMask = 2147483647;
			files = (
			);
			runOnlyForDeploymentPostprocessing = 0;
		};
		8D569FE3269AD78A00D87947 /* Frameworks */ = {
			isa = PBXFrameworksBuildPhase;
			buildActionMask = 2147483647;
			files = (
			);
			runOnlyForDeploymentPostprocessing = 0;
		};
		8D569FEE269AD78A00D87947 /* Frameworks */ = {
			isa = PBXFrameworksBuildPhase;
			buildActionMask = 2147483647;
			files = (
			);
			runOnlyForDeploymentPostprocessing = 0;
		};
/* End PBXFrameworksBuildPhase section */

/* Begin PBXGroup section */
		8D569FC7269AD78900D87947 = {
			isa = PBXGroup;
			children = (
				8D569FD2269AD78900D87947 /* constraints */,
				8D569FE9269AD78A00D87947 /* constraintsTests */,
				8D569FF4269AD78A00D87947 /* constraintsUITests */,
				8D569FD1269AD78900D87947 /* Products */,
			);
			sourceTree = "<group>";
		};
		8D569FD1269AD78900D87947 /* Products */ = {
			isa = PBXGroup;
			children = (
				8D569FD0269AD78900D87947 /* constraints.app */,
				8D569FE6269AD78A00D87947 /* constraintsTests.xctest */,
				8D569FF1269AD78A00D87947 /* constraintsUITests.xctest */,
			);
			name = Products;
			sourceTree = "<group>";
		};
		8D569FD2269AD78900D87947 /* constraints */ = {
			isa = PBXGroup;
			children = (
				8D569FD3269AD78900D87947 /* AppDelegate.swift */,
				8D569FD5269AD78900D87947 /* SceneDelegate.swift */,
				8D569FD7269AD78900D87947 /* ViewController.swift */,
				8D569FD9269AD78900D87947 /* Main.storyboard */,
				8D569FDC269AD78900D87947 /* Assets.xcassets */,
				8D569FDE269AD78900D87947 /* LaunchScreen.storyboard */,
				8D569FE1269AD78900D87947 /* Info.plist */,
			);
			path = constraints;
			sourceTree = "<group>";
		};
		8D569FE9269AD78A00D87947 /* constraintsTests */ = {
			isa = PBXGroup;
			children = (
				8D569FEA269AD78A00D87947 /* constraintsTests.swift */,
				8D569FEC269AD78A00D87947 /* Info.plist */,
			);
			path = constraintsTests;
			sourceTree = "<group>";
		};
		8D569FF4269AD78A00D87947 /* constraintsUITests */ = {
			isa = PBXGroup;
			children = (
				8D569FF5269AD78A00D87947 /* constraintsUITests.swift */,
				8D569FF7269AD78A00D87947 /* Info.plist */,
			);
			path = constraintsUITests;
			sourceTree = "<group>";
		};
/* End PBXGroup section */

/* Begin PBXNativeTarget section */
		8D569FCF269AD78900D87947 /* constraints */ = {
			isa = PBXNativeTarget;
			buildConfigurationList = 8D569FFA269AD78A00D87947 /* Build configuration list for PBXNativeTarget "constraints" */;
			buildPhases = (
				8D569FCC269AD78900D87947 /* Sources */,
				8D569FCD269AD78900D87947 /* Frameworks */,
				8D569FCE269AD78900D87947 /* Resources */,
			);
			buildRules = (
			);
			dependencies = (
			);
			name = constraints;
			productName = constraints;
			productReference = 8D569FD0269AD78900D87947 /* constraints.app */;
			productType = "com.apple.product-type.application";
		};
		8D569FE5269AD78A00D87947 /* constraintsTests */ = {
			isa = PBXNativeTarget;
			buildConfigurationList = 8D569FFD269AD78A00D87947 /* Build configuration list for PBXNativeTarget "constraintsTests" */;
			buildPhases = (
				8D569FE2269AD78A00D87947 /* Sources */,
				8D569FE3269AD78A00D87947 /* Frameworks */,
				8D569FE4269AD78A00D87947 /* Resources */,
			);
			buildRules = (
			);
			dependencies = (
				8D569FE8269AD78A00D87947 /* PBXTargetDependency */,
			);
			name = constraintsTests;
			productName = constraintsTests;
			productReference = 8D569FE6269AD78A00D87947 /* constraintsTests.xctest */;
			productType = "com.apple.product-type.bundle.unit-test";
		};
		8D569FF0269AD78A00D87947 /* constraintsUITests */ = {
			isa = PBXNativeTarget;
			buildConfigurationList = 8D56A000269AD78A00D87947 /* Build configuration list for PBXNativeTarget "constraintsUITests" */;
			buildPhases = (
				8D569FED269AD78A00D87947 /* Sources */,
				8D569FEE269AD78A00D87947 /* Frameworks */,
				8D569FEF269AD78A00D87947 /* Resources */,
			);
			buildRules = (
			);
			dependencies = (
				8D569FF3269AD78A00D87947 /* PBXTargetDependency */,
			);
			name = constraintsUITests;
			productName = constraintsUITests;
			productReference = 8D569FF1269AD78A00D87947 /* constraintsUITests.xctest */;
			productType = "com.apple.product-type.bundle.ui-testing";
		};
/* End PBXNativeTarget section */

/* Begin PBXProject section */
		8D569FC8269AD78900D87947 /* Project object */ = {
			isa = PBXProject;
			attributes = {
				LastSwiftUpdateCheck = 1250;
				LastUpgradeCheck = 1250;
				TargetAttributes = {
					8D569FCF269AD78900D87947 = {
						CreatedOnToolsVersion = 12.5.1;
					};
					8D569FE5269AD78A00D87947 = {
						CreatedOnToolsVersion = 12.5.1;
						TestTargetID = 8D569FCF269AD78900D87947;
					};
					8D569FF0269AD78A00D87947 = {
						CreatedOnToolsVersion = 12.5.1;
						TestTargetID = 8D569FCF269AD78900D87947;
					};
				};
			};
			buildConfigurationList = 8D569FCB269AD78900D87947 /* Build configuration list for PBXProject "constraints" */;
			compatibilityVersion = "Xcode 9.3";
			developmentRegion = en;
			hasScannedForEncodings = 0;
			knownRegions = (
				en,
				Base,
			);
			mainGroup = 8D569FC7269AD78900D87947;
			productRefGroup = 8D569FD1269AD78900D87947 /* Products */;
			projectDirPath = "";
			projectRoot = "";
			targets = (
				8D569FCF269AD78900D87947 /* constraints */,
				8D569FE5269AD78A00D87947 /* constraintsTests */,
				8D569FF0269AD78A00D87947 /* constraintsUITests */,
			);
		};
/* End PBXProject section */

/* Begin PBXResourcesBuildPhase section */
		8D569FCE269AD78900D87947 /* Resources */ = {
			isa = PBXResourcesBuildPhase;
			buildActionMask = 2147483647;
			files = (
				8D569FE0269AD78900D87947 /* LaunchScreen.storyboard in Resources */,
				8D569FDD269AD78900D87947 /* Assets.xcassets in Resources */,
				8D569FDB269AD78900D87947 /* Main.storyboard in Resources */,
			);
			runOnlyForDeploymentPostprocessing = 0;
		};
		8D569FE4269AD78A00D87947 /* Resources */ = {
			isa = PBXResourcesBuildPhase;
			buildActionMask = 2147483647;
			files = (
			);
			runOnlyForDeploymentPostprocessing = 0;
		};
		8D569FEF269AD78A00D87947 /* Resources */ = {
			isa = PBXResourcesBuildPhase;
			buildActionMask = 2147483647;
			files = (
			);
			runOnlyForDeploymentPostprocessing = 0;
		};
/* End PBXResourcesBuildPhase section */

/* Begin PBXSourcesBuildPhase section */
		8D569FCC269AD78900D87947 /* Sources */ = {
			isa = PBXSourcesBuildPhase;
			buildActionMask = 2147483647;
			files = (
				8D569FD8269AD78900D87947 /* ViewController.swift in Sources */,
				8D569FD4269AD78900D87947 /* AppDelegate.swift in Sources */,
				8D569FD6269AD78900D87947 /* SceneDelegate.swift in Sources */,
			);
			runOnlyForDeploymentPostprocessing = 0;
		};
		8D569FE2269AD78A00D87947 /* Sources */ = {
			isa = PBXSourcesBuildPhase;
			buildActionMask = 2147483647;
			files = (
				8D569FEB269AD78A00D87947 /* constraintsTests.swift in Sources */,
			);
			runOnlyForDeploymentPostprocessing = 0;
		};
		8D569FED269AD78A00D87947 /* Sources */ = {
			isa = PBXSourcesBuildPhase;
			buildActionMask = 2147483647;
			files = (
				8D569FF6269AD78A00D87947 /* constraintsUITests.swift in Sources */,
			);
			runOnlyForDeploymentPostprocessing = 0;
		};
/* End PBXSourcesBuildPhase section */

/* Begin PBXTargetDependency section */
		8D569FE8269AD78A00D87947 /* PBXTargetDependency */ = {
			isa = PBXTargetDependency;
			target = 8D569FCF269AD78900D87947 /* constraints */;
			targetProxy = 8D569FE7269AD78A00D87947 /* PBXContainerItemProxy */;
		};
		8D569FF3269AD78A00D87947 /* PBXTargetDependency */ = {
			isa = PBXTargetDependency;
			target = 8D569FCF269AD78900D87947 /* constraints */;
			targetProxy = 8D569FF2269AD78A00D87947 /* PBXContainerItemProxy */;
		};
/* End PBXTargetDependency section */

/* Begin PBXVariantGroup section */
		8D569FD9269AD78900D87947 /* Main.storyboard */ = {
			isa = PBXVariantGroup;
			children = (
				8D569FDA269AD78900D87947 /* Base */,
			);
			name = Main.storyboard;
			sourceTree = "<group>";
		};
		8D569FDE269AD78900D87947 /* LaunchScreen.storyboard */ = {
			isa = PBXVariantGroup;
			children = (
				8D569FDF269AD78900D87947 /* Base */,
			);
			name = LaunchScreen.storyboard;
			sourceTree = "<group>";
		};
/* End PBXVariantGroup section */

/* Begin XCBuildConfiguration section */
		8D569FF8269AD78A00D87947 /* Debug */ = {
			isa = XCBuildConfiguration;
			buildSettings = {
				ALWAYS_SEARCH_USER_PATHS = NO;
				CLANG_ANALYZER_NONNULL = YES;
				CLANG_ANALYZER_NUMBER_OBJECT_CONVERSION = YES_AGGRESSIVE;
				CLANG_CXX_LANGUAGE_STANDARD = "gnu++14";
				CLANG_CXX_LIBRARY = "libc++";
				CLANG_ENABLE_MODULES = YES;
				CLANG_ENABLE_OBJC_ARC = YES;
				CLANG_ENABLE_OBJC_WEAK = YES;
				CLANG_WARN_BLOCK_CAPTURE_AUTORELEASING = YES;
				CLANG_WARN_BOOL_CONVERSION = YES;
				CLANG_WARN_COMMA = YES;
				CLANG_WARN_CONSTANT_CONVERSION = YES;
				CLANG_WARN_DEPRECATED_OBJC_IMPLEMENTATIONS = YES;
				CLANG_WARN_DIRECT_OBJC_ISA_USAGE = YES_ERROR;
				CLANG_WARN_DOCUMENTATION_COMMENTS = YES;
				CLANG_WARN_EMPTY_BODY = YES;
				CLANG_WARN_ENUM_CONVERSION = YES;
				CLANG_WARN_INFINITE_RECURSION = YES;
				CLANG_WARN_INT_CONVERSION = YES;
				CLANG_WARN_NON_LITERAL_NULL_CONVERSION = YES;
				CLANG_WARN_OBJC_IMPLICIT_RETAIN_SELF = YES;
				CLANG_WARN_OBJC_LITERAL_CONVERSION = YES;
				CLANG_WARN_OBJC_ROOT_CLASS = YES_ERROR;
				CLANG_WARN_QUOTED_INCLUDE_IN_FRAMEWORK_HEADER = YES;
				CLANG_WARN_RANGE_LOOP_ANALYSIS = YES;
				CLANG_WARN_STRICT_PROTOTYPES = YES;
				CLANG_WARN_SUSPICIOUS_MOVE = YES;
				CLANG_WARN_UNGUARDED_AVAILABILITY = YES_AGGRESSIVE;
				CLANG_WARN_UNREACHABLE_CODE = YES;
				CLANG_WARN__DUPLICATE_METHOD_MATCH = YES;
				COPY_PHASE_STRIP = NO;
				DEBUG_INFORMATION_FORMAT = dwarf;
				ENABLE_STRICT_OBJC_MSGSEND = YES;
				ENABLE_TESTABILITY = YES;
				GCC_C_LANGUAGE_STANDARD = gnu11;
				GCC_DYNAMIC_NO_PIC = NO;
				GCC_NO_COMMON_BLOCKS = YES;
				GCC_OPTIMIZATION_LEVEL = 0;
				GCC_PREPROCESSOR_DEFINITIONS = (
					"DEBUG=1",
					"$(inherited)",
				);
				GCC_WARN_64_TO_32_BIT_CONVERSION = YES;
				GCC_WARN_ABOUT_RETURN_TYPE = YES_ERROR;
				GCC_WARN_UNDECLARED_SELECTOR = YES;
				GCC_WARN_UNINITIALIZED_AUTOS = YES_AGGRESSIVE;
				GCC_WARN_UNUSED_FUNCTION = YES;
				GCC_WARN_UNUSED_VARIABLE = YES;
				IPHONEOS_DEPLOYMENT_TARGET = 14.5;
				MTL_ENABLE_DEBUG_INFO = INCLUDE_SOURCE;
				MTL_FAST_MATH = YES;
				ONLY_ACTIVE_ARCH = YES;
				SDKROOT = iphoneos;
				SWIFT_ACTIVE_COMPILATION_CONDITIONS = DEBUG;
				SWIFT_OPTIMIZATION_LEVEL = "-Onone";
			};
			name = Debug;
		};
		8D569FF9269AD78A00D87947 /* Release */ = {
			isa = XCBuildConfiguration;
			buildSettings = {
				ALWAYS_SEARCH_USER_PATHS = NO;
				CLANG_ANALYZER_NONNULL = YES;
				CLANG_ANALYZER_NUMBER_OBJECT_CONVERSION = YES_AGGRESSIVE;
				CLANG_CXX_LANGUAGE_STANDARD = "gnu++14";
				CLANG_CXX_LIBRARY = "libc++";
				CLANG_ENABLE_MODULES = YES;
				CLANG_ENABLE_OBJC_ARC = YES;
				CLANG_ENABLE_OBJC_WEAK = YES;
				CLANG_WARN_BLOCK_CAPTURE_AUTORELEASING = YES;
				CLANG_WARN_BOOL_CONVERSION = YES;
				CLANG_WARN_COMMA = YES;
				CLANG_WARN_CONSTANT_CONVERSION = YES;
				CLANG_WARN_DEPRECATED_OBJC_IMPLEMENTATIONS = YES;
				CLANG_WARN_DIRECT_OBJC_ISA_USAGE = YES_ERROR;
				CLANG_WARN_DOCUMENTATION_COMMENTS = YES;
				CLANG_WARN_EMPTY_BODY = YES;
				CLANG_WARN_ENUM_CONVERSION = YES;
				CLANG_WARN_INFINITE_RECURSION = YES;
				CLANG_WARN_INT_CONVERSION = YES;
				CLANG_WARN_NON_LITERAL_NULL_CONVERSION = YES;
				CLANG_WARN_OBJC_IMPLICIT_RETAIN_SELF = YES;
				CLANG_WARN_OBJC_LITERAL_CONVERSION = YES;
				CLANG_WARN_OBJC_ROOT_CLASS = YES_ERROR;
				CLANG_WARN_QUOTED_INCLUDE_IN_FRAMEWORK_HEADER = YES;
				CLANG_WARN_RANGE_LOOP_ANALYSIS = YES;
				CLANG_WARN_STRICT_PROTOTYPES = YES;
				CLANG_WARN_SUSPICIOUS_MOVE = YES;
				CLANG_WARN_UNGUARDED_AVAILABILITY = YES_AGGRESSIVE;
				CLANG_WARN_UNREACHABLE_CODE = YES;
				CLANG_WARN__DUPLICATE_METHOD_MATCH = YES;
				COPY_PHASE_STRIP = NO;
				DEBUG_INFORMATION_FORMAT = "dwarf-with-dsym";
				ENABLE_NS_ASSERTIONS = NO;
				ENABLE_STRICT_OBJC_MSGSEND = YES;
				GCC_C_LANGUAGE_STANDARD = gnu11;
				GCC_NO_COMMON_BLOCKS = YES;
				GCC_WARN_64_TO_32_BIT_CONVERSION = YES;
				GCC_WARN_ABOUT_RETURN_TYPE = YES_ERROR;
				GCC_WARN_UNDECLARED_SELECTOR = YES;
				GCC_WARN_UNINITIALIZED_AUTOS = YES_AGGRESSIVE;
				GCC_WARN_UNUSED_FUNCTION = YES;
				GCC_WARN_UNUSED_VARIABLE = YES;
				IPHONEOS_DEPLOYMENT_TARGET = 14.5;
				MTL_ENABLE_DEBUG_INFO = NO;
				MTL_FAST_MATH = YES;
				SDKROOT = iphoneos;
				SWIFT_COMPILATION_MODE = wholemodule;
				SWIFT_OPTIMIZATION_LEVEL = "-O";
				VALIDATE_PRODUCT = YES;
			};
			name = Release;
		};
		8D569FFB269AD78A00D87947 /* Debug */ = {
			isa = XCBuildConfiguration;
			buildSettings = {
				ASSETCATALOG_COMPILER_APPICON_NAME = AppIcon;
				ASSETCATALOG_COMPILER_GLOBAL_ACCENT_COLOR_NAME = AccentColor;
				CODE_SIGN_STYLE = Automatic;
				INFOPLIST_FILE = constraints/Info.plist;
				LD_RUNPATH_SEARCH_PATHS = (
					"$(inherited)",
					"@executable_path/Frameworks",
				);
				PRODUCT_BUNDLE_IDENTIFIER = com.purachina.constraints;
				PRODUCT_NAME = "$(TARGET_NAME)";
				SWIFT_VERSION = 5.0;
				TARGETED_DEVICE_FAMILY = "1,2";
			};
			name = Debug;
		};
		8D569FFC269AD78A00D87947 /* Release */ = {
			isa = XCBuildConfiguration;
			buildSettings = {
				ASSETCATALOG_COMPILER_APPICON_NAME = AppIcon;
				ASSETCATALOG_COMPILER_GLOBAL_ACCENT_COLOR_NAME = AccentColor;
				CODE_SIGN_STYLE = Automatic;
				INFOPLIST_FILE = constraints/Info.plist;
				LD_RUNPATH_SEARCH_PATHS = (
					"$(inherited)",
					"@executable_path/Frameworks",
				);
				PRODUCT_BUNDLE_IDENTIFIER = com.purachina.constraints;
				PRODUCT_NAME = "$(TARGET_NAME)";
				SWIFT_VERSION = 5.0;
				TARGETED_DEVICE_FAMILY = "1,2";
			};
			name = Release;
		};
		8D569FFE269AD78A00D87947 /* Debug */ = {
			isa = XCBuildConfiguration;
			buildSettings = {
				ALWAYS_EMBED_SWIFT_STANDARD_LIBRARIES = YES;
				BUNDLE_LOADER = "$(TEST_HOST)";
				CODE_SIGN_STYLE = Automatic;
				INFOPLIST_FILE = constraintsTests/Info.plist;
				IPHONEOS_DEPLOYMENT_TARGET = 14.5;
				LD_RUNPATH_SEARCH_PATHS = (
					"$(inherited)",
					"@executable_path/Frameworks",
					"@loader_path/Frameworks",
				);
				PRODUCT_BUNDLE_IDENTIFIER = com.purachina.constraintsTests;
				PRODUCT_NAME = "$(TARGET_NAME)";
				SWIFT_VERSION = 5.0;
				TARGETED_DEVICE_FAMILY = "1,2";
				TEST_HOST = "$(BUILT_PRODUCTS_DIR)/constraints.app/constraints";
			};
			name = Debug;
		};
		8D569FFF269AD78A00D87947 /* Release */ = {
			isa = XCBuildConfiguration;
			buildSettings = {
				ALWAYS_EMBED_SWIFT_STANDARD_LIBRARIES = YES;
				BUNDLE_LOADER = "$(TEST_HOST)";
				CODE_SIGN_STYLE = Automatic;
				INFOPLIST_FILE = constraintsTests/Info.plist;
				IPHONEOS_DEPLOYMENT_TARGET = 14.5;
				LD_RUNPATH_SEARCH_PATHS = (
					"$(inherited)",
					"@executable_path/Frameworks",
					"@loader_path/Frameworks",
				);
				PRODUCT_BUNDLE_IDENTIFIER = com.purachina.constraintsTests;
				PRODUCT_NAME = "$(TARGET_NAME)";
				SWIFT_VERSION = 5.0;
				TARGETED_DEVICE_FAMILY = "1,2";
				TEST_HOST = "$(BUILT_PRODUCTS_DIR)/constraints.app/constraints";
			};
			name = Release;
		};
		8D56A001269AD78A00D87947 /* Debug */ = {
			isa = XCBuildConfiguration;
			buildSettings = {
				ALWAYS_EMBED_SWIFT_STANDARD_LIBRARIES = YES;
				CODE_SIGN_STYLE = Automatic;
				INFOPLIST_FILE = constraintsUITests/Info.plist;
				LD_RUNPATH_SEARCH_PATHS = (
					"$(inherited)",
					"@executable_path/Frameworks",
					"@loader_path/Frameworks",
				);
				PRODUCT_BUNDLE_IDENTIFIER = com.purachina.constraintsUITests;
				PRODUCT_NAME = "$(TARGET_NAME)";
				SWIFT_VERSION = 5.0;
				TARGETED_DEVICE_FAMILY = "1,2";
				TEST_TARGET_NAME = constraints;
			};
			name = Debug;
		};
		8D56A002269AD78A00D87947 /* Release */ = {
			isa = XCBuildConfiguration;
			buildSettings = {
				ALWAYS_EMBED_SWIFT_STANDARD_LIBRARIES = YES;
				CODE_SIGN_STYLE = Automatic;
				INFOPLIST_FILE = constraintsUITests/Info.plist;
				LD_RUNPATH_SEARCH_PATHS = (
					"$(inherited)",
					"@executable_path/Frameworks",
					"@loader_path/Frameworks",
				);
				PRODUCT_BUNDLE_IDENTIFIER = com.purachina.constraintsUITests;
				PRODUCT_NAME = "$(TARGET_NAME)";
				SWIFT_VERSION = 5.0;
				TARGETED_DEVICE_FAMILY = "1,2";
				TEST_TARGET_NAME = constraints;
			};
			name = Release;
		};
/* End XCBuildConfiguration section */

/* Begin XCConfigurationList section */
		8D569FCB269AD78900D87947 /* Build configuration list for PBXProject "constraints" */ = {
			isa = XCConfigurationList;
			buildConfigurations = (
				8D569FF8269AD78A00D87947 /* Debug */,
				8D569FF9269AD78A00D87947 /* Release */,
			);
			defaultConfigurationIsVisible = 0;
			defaultConfigurationName = Release;
		};
		8D569FFA269AD78A00D87947 /* Build configuration list for PBXNativeTarget "constraints" */ = {
			isa = XCConfigurationList;
			buildConfigurations = (
				8D569FFB269AD78A00D87947 /* Debug */,
				8D569FFC269AD78A00D87947 /* Release */,
			);
			defaultConfigurationIsVisible = 0;
			defaultConfigurationName = Release;
		};
		8D569FFD269AD78A00D87947 /* Build configuration list for PBXNativeTarget "constraintsTests" */ = {
			isa = XCConfigurationList;
			buildConfigurations = (
				8D569FFE269AD78A00D87947 /* Debug */,
				8D569FFF269AD78A00D87947 /* Release */,
			);
			defaultConfigurationIsVisible = 0;
			defaultConfigurationName = Release;
		};
		8D56A000269AD78A00D87947 /* Build configuration list for PBXNativeTarget "constraintsUITests" */ = {
			isa = XCConfigurationList;
			buildConfigurations = (
				8D56A001269AD78A00D87947 /* Debug */,
				8D56A002269AD78A00D87947 /* Release */,
			);
			defaultConfigurationIsVisible = 0;
			defaultConfigurationName = Release;
		};
/* End XCConfigurationList section */
	};
	rootObject = 8D569FC8269AD78900D87947 /* Project object */;
}
